Microsoft Visual Studio Solution File, Format Version 12.00
# Visual Studio Version 17
VisualStudioVersion = 17.8.34330.188
MinimumVisualStudioVersion = 10.0.40219.1
Project("{9A19103F-16F7-4668-BE54-9A1E7A4F7556}") = "PcapDotNet.Core.Test", "PcapDotNet.Core.Test\PcapDotNet.Core.Test.csproj", "{045A6460-C260-4CDA-8030-FD19A0086C95}"
EndProject
Project("{9A19103F-16F7-4668-BE54-9A1E7A4F7556}") = "PcapDotNet.TestUtils", "PcapDotNet.TestUtils\PcapDotNet.TestUtils.csproj", "{540F21A8-CD9F-4288-ADCA-DB17027FF309}"
EndProject
Project("{9A19103F-16F7-4668-BE54-9A1E7A4F7556}") = "PcapDotNet.Packets.TestUtils", "PcapDotNet.Packets.TestUtils\PcapDotNet.Packets.TestUtils.csproj", "{194D3B9A-AD99-44ED-991A-73C4A7EE550F}"
EndProject
Project("{9A19103F-16F7-4668-BE54-9A1E7A4F7556}") = "PcapDotNet.Base", "PcapDotNet.Base\PcapDotNet.Base.csproj", "{83E805C9-4D29-4E34-A27E-5A78690FBD2B}"
EndProject
Project("{9A19103F-16F7-4668-BE54-9A1E7A4F7556}") = "PcapDotNet.Packets", "PcapDotNet.Packets\PcapDotNet.Packets.csproj", "{8A184AF5-E46C-482C-81A3-76D8CE290104}"
EndProject
Project("{9A19103F-16F7-4668-BE54-9A1E7A4F7556}") = "PcapDotNet.Packets.Test", "PcapDotNet.Packets.Test\PcapDotNet.Packets.Test.csproj", "{6C7326EB-F230-4934-B74B-F99F87204E44}"
EndProject
Project("{9A19103F-16F7-4668-BE54-9A1E7A4F7556}") = "PcapDotNet.Base.Test", "PcapDotNet.Base.Test\PcapDotNet.Base.Test.csproj", "{20BCB32F-6B86-41D4-8DF4-191F3D233087}"
EndProject
Project("{9A19103F-16F7-4668-BE54-9A1E7A4F7556}") = "PcapDotNet.Core.Extensions", "PcapDotNet.Core.Extensions\PcapDotNet.Core.Extensions.csproj", "{322040C2-3DC1-4D0C-8E0F-F05290AFE023}"
EndProject
Project("{9A19103F-16F7-4668-BE54-9A1E7A4F7556}") = "PcapDotNet.Core", "PcapDotNet.Core\PcapDotNet.Core.csproj", "{CB7C9D43-422C-4B43-999A-F65F6E2C7075}"
EndProject
Project("{2150E333-8FDC-42A3-9474-1A3956D46DE8}") = "Solution Items", "Solution Items", "{C3C951FF-9AB9-4018-9AA7-134FDC7BCED5}"
	ProjectSection(SolutionItems) = preProject
		.editorconfig = .editorconfig
		Directory.Build.props = Directory.Build.props
	EndProjectSection
EndProject
Project("{9A19103F-16F7-4668-BE54-9A1E7A4F7556}") = "PcapDotNet", "PcapDotNet\PcapDotNet.csproj", "{2F90CE26-EE41-4C61-B9D6-B49304CE5C4B}"
EndProject
Global
	GlobalSection(SolutionConfigurationPlatforms) = preSolution
		Debug|Any CPU = Debug|Any CPU
		Release|Any CPU = Release|Any CPU
	EndGlobalSection
	GlobalSection(ProjectConfigurationPlatforms) = postSolution
		{045A6460-C260-4CDA-8030-FD19A0086C95}.Debug|Any CPU.ActiveCfg = Debug|Any CPU
		{045A6460-C260-4CDA-8030-FD19A0086C95}.Debug|Any CPU.Build.0 = Debug|Any CPU
		{045A6460-C260-4CDA-8030-FD19A0086C95}.Release|Any CPU.ActiveCfg = Release|Any CPU
		{045A6460-C260-4CDA-8030-FD19A0086C95}.Release|Any CPU.Build.0 = Release|Any CPU
		{540F21A8-CD9F-4288-ADCA-DB17027FF309}.Debug|Any CPU.ActiveCfg = Debug|Any CPU
		{540F21A8-CD9F-4288-ADCA-DB17027FF309}.Debug|Any CPU.Build.0 = Debug|Any CPU
		{540F21A8-CD9F-4288-ADCA-DB17027FF309}.Release|Any CPU.ActiveCfg = Release|Any CPU
		{540F21A8-CD9F-4288-ADCA-DB17027FF309}.Release|Any CPU.Build.0 = Release|Any CPU
		{194D3B9A-AD99-44ED-991A-73C4A7EE550F}.Debug|Any CPU.ActiveCfg = Debug|Any CPU
		{194D3B9A-AD99-44ED-991A-73C4A7EE550F}.Debug|Any CPU.Build.0 = Debug|Any CPU
		{194D3B9A-AD99-44ED-991A-73C4A7EE550F}.Release|Any CPU.ActiveCfg = Release|Any CPU
		{194D3B9A-AD99-44ED-991A-73C4A7EE550F}.Release|Any CPU.Build.0 = Release|Any CPU
		{83E805C9-4D29-4E34-A27E-5A78690FBD2B}.Debug|Any CPU.ActiveCfg = Debug|Any CPU
		{83E805C9-4D29-4E34-A27E-5A78690FBD2B}.Debug|Any CPU.Build.0 = Debug|Any CPU
		{83E805C9-4D29-4E34-A27E-5A78690FBD2B}.Release|Any CPU.ActiveCfg = Release|Any CPU
		{83E805C9-4D29-4E34-A27E-5A78690FBD2B}.Release|Any CPU.Build.0 = Release|Any CPU
		{8A184AF5-E46C-482C-81A3-76D8CE290104}.Debug|Any CPU.ActiveCfg = Debug|Any CPU
		{8A184AF5-E46C-482C-81A3-76D8CE290104}.Debug|Any CPU.Build.0 = Debug|Any CPU
		{8A184AF5-E46C-482C-81A3-76D8CE290104}.Release|Any CPU.ActiveCfg = Release|Any CPU
		{8A184AF5-E46C-482C-81A3-76D8CE290104}.Release|Any CPU.Build.0 = Release|Any CPU
		{6C7326EB-F230-4934-B74B-F99F87204E44}.Debug|Any CPU.ActiveCfg = Debug|Any CPU
		{6C7326EB-F230-4934-B74B-F99F87204E44}.Debug|Any CPU.Build.0 = Debug|Any CPU
		{6C7326EB-F230-4934-B74B-F99F87204E44}.Release|Any CPU.ActiveCfg = Release|Any CPU
		{6C7326EB-F230-4934-B74B-F99F87204E44}.Release|Any CPU.Build.0 = Release|Any CPU
		{20BCB32F-6B86-41D4-8DF4-191F3D233087}.Debug|Any CPU.ActiveCfg = Debug|Any CPU
		{20BCB32F-6B86-41D4-8DF4-191F3D233087}.Debug|Any CPU.Build.0 = Debug|Any CPU
		{20BCB32F-6B86-41D4-8DF4-191F3D233087}.Release|Any CPU.ActiveCfg = Release|Any CPU
		{20BCB32F-6B86-41D4-8DF4-191F3D233087}.Release|Any CPU.Build.0 = Release|Any CPU
		{322040C2-3DC1-4D0C-8E0F-F05290AFE023}.Debug|Any CPU.ActiveCfg = Debug|Any CPU
		{322040C2-3DC1-4D0C-8E0F-F05290AFE023}.Debug|Any CPU.Build.0 = Debug|Any CPU
		{322040C2-3DC1-4D0C-8E0F-F05290AFE023}.Release|Any CPU.ActiveCfg = Release|Any CPU
		{322040C2-3DC1-4D0C-8E0F-F05290AFE023}.Release|Any CPU.Build.0 = Release|Any CPU
		{CB7C9D43-422C-4B43-999A-F65F6E2C7075}.Debug|Any CPU.ActiveCfg = Debug|Any CPU
		{CB7C9D43-422C-4B43-999A-F65F6E2C7075}.Debug|Any CPU.Build.0 = Debug|Any CPU
		{CB7C9D43-422C-4B43-999A-F65F6E2C7075}.Release|Any CPU.ActiveCfg = Release|Any CPU
		{CB7C9D43-422C-4B43-999A-F65F6E2C7075}.Release|Any CPU.Build.0 = Release|Any CPU
		{2F90CE26-EE41-4C61-B9D6-B49304CE5C4B}.Debug|Any CPU.ActiveCfg = Debug|Any CPU
		{2F90CE26-EE41-4C61-B9D6-B49304CE5C4B}.Release|Any CPU.ActiveCfg = Release|Any CPU
	EndGlobalSection
	GlobalSection(SolutionProperties) = preSolution
		HideSolutionNode = FALSE
	EndGlobalSection
	GlobalSection(ExtensibilityGlobals) = postSolution
		SolutionGuid = {75C5A46A-9EB6-4A9A-8050-66EB3D2F49B8}
	EndGlobalSection
EndGlobal
